
Microsoft Visual Studio Solution File, Format Version 12.00
# Visual Studio Version 17
VisualStudioVersion = 17.0.31903.59
MinimumVisualStudioVersion = 10.0.40219.1
Project("{FAE04EC0-301F-11D3-BF4B-00C04F79EFBC}") = "MedicalScheduling.Domain", "MedicalScheduling.Domain\MedicalScheduling.Domain.csproj", "{CBFA4F72-5457-48DD-AC50-E5135375A2BB}"
EndProject
Project("{FAE04EC0-301F-11D3-BF4B-00C04F79EFBC}") = "MedicalScheduling.Application", "MedicalScheduling.Application\MedicalScheduling.Application.csproj", "{55BBB332-2E1E-4038-9E26-B02F35F9B69E}"
EndProject
Project("{FAE04EC0-301F-11D3-BF4B-00C04F79EFBC}") = "MedicalScheduling.Infrastructure", "MedicalScheduling.Infrastructure\MedicalScheduling.Infrastructure.csproj", "{0BFCAE39-34AE-4FD6-B2B6-39DC5F84043D}"
EndProject
Project("{FAE04EC0-301F-11D3-BF4B-00C04F79EFBC}") = "MedicalScheduling.Api", "MedicalScheduling.Api\MedicalScheduling.Api.csproj", "{A721D8ED-5386-4AE6-B4B5-3BDD608551CB}"
EndProject
Global
	GlobalSection(SolutionConfigurationPlatforms) = preSolution
		Debug|Any CPU = Debug|Any CPU
		Debug|x64 = Debug|x64
		Debug|x86 = Debug|x86
		Release|Any CPU = Release|Any CPU
		Release|x64 = Release|x64
		Release|x86 = Release|x86
	EndGlobalSection
	GlobalSection(ProjectConfigurationPlatforms) = postSolution
		{CBFA4F72-5457-48DD-AC50-E5135375A2BB}.Debug|Any CPU.ActiveCfg = Debug|Any CPU
		{CBFA4F72-5457-48DD-AC50-E5135375A2BB}.Debug|Any CPU.Build.0 = Debug|Any CPU
		{CBFA4F72-5457-48DD-AC50-E5135375A2BB}.Debug|x64.ActiveCfg = Debug|Any CPU
		{CBFA4F72-5457-48DD-AC50-E5135375A2BB}.Debug|x64.Build.0 = Debug|Any CPU
		{CBFA4F72-5457-48DD-AC50-E5135375A2BB}.Debug|x86.ActiveCfg = Debug|Any CPU
		{CBFA4F72-5457-48DD-AC50-E5135375A2BB}.Debug|x86.Build.0 = Debug|Any CPU
		{CBFA4F72-5457-48DD-AC50-E5135375A2BB}.Release|Any CPU.ActiveCfg = Release|Any CPU
		{CBFA4F72-5457-48DD-AC50-E5135375A2BB}.Release|Any CPU.Build.0 = Release|Any CPU
		{CBFA4F72-5457-48DD-AC50-E5135375A2BB}.Release|x64.ActiveCfg = Release|Any CPU
		{CBFA4F72-5457-48DD-AC50-E5135375A2BB}.Release|x64.Build.0 = Release|Any CPU
		{CBFA4F72-5457-48DD-AC50-E5135375A2BB}.Release|x86.ActiveCfg = Release|Any CPU
		{CBFA4F72-5457-48DD-AC50-E5135375A2BB}.Release|x86.Build.0 = Release|Any CPU
		{55BBB332-2E1E-4038-9E26-B02F35F9B69E}.Debug|Any CPU.ActiveCfg = Debug|Any CPU
		{55BBB332-2E1E-4038-9E26-B02F35F9B69E}.Debug|Any CPU.Build.0 = Debug|Any CPU
		{55BBB332-2E1E-4038-9E26-B02F35F9B69E}.Debug|x64.ActiveCfg = Debug|Any CPU
		{55BBB332-2E1E-4038-9E26-B02F35F9B69E}.Debug|x64.Build.0 = Debug|Any CPU
		{55BBB332-2E1E-4038-9E26-B02F35F9B69E}.Debug|x86.ActiveCfg = Debug|Any CPU
		{55BBB332-2E1E-4038-9E26-B02F35F9B69E}.Debug|x86.Build.0 = Debug|Any CPU
		{55BBB332-2E1E-4038-9E26-B02F35F9B69E}.Release|Any CPU.ActiveCfg = Release|Any CPU
		{55BBB332-2E1E-4038-9E26-B02F35F9B69E}.Release|Any CPU.Build.0 = Release|Any CPU
		{55BBB332-2E1E-4038-9E26-B02F35F9B69E}.Release|x64.ActiveCfg = Release|Any CPU
		{55BBB332-2E1E-4038-9E26-B02F35F9B69E}.Release|x64.Build.0 = Release|Any CPU
		{55BBB332-2E1E-4038-9E26-B02F35F9B69E}.Release|x86.ActiveCfg = Release|Any CPU
		{55BBB332-2E1E-4038-9E26-B02F35F9B69E}.Release|x86.Build.0 = Release|Any CPU
		{0BFCAE39-34AE-4FD6-B2B6-39DC5F84043D}.Debug|Any CPU.ActiveCfg = Debug|Any CPU
		{0BFCAE39-34AE-4FD6-B2B6-39DC5F84043D}.Debug|Any CPU.Build.0 = Debug|Any CPU
		{0BFCAE39-34AE-4FD6-B2B6-39DC5F84043D}.Debug|x64.ActiveCfg = Debug|Any CPU
		{0BFCAE39-34AE-4FD6-B2B6-39DC5F84043D}.Debug|x64.Build.0 = Debug|Any CPU
		{0BFCAE39-34AE-4FD6-B2B6-39DC5F84043D}.Debug|x86.ActiveCfg = Debug|Any CPU
		{0BFCAE39-34AE-4FD6-B2B6-39DC5F84043D}.Debug|x86.Build.0 = Debug|Any CPU
		{0BFCAE39-34AE-4FD6-B2B6-39DC5F84043D}.Release|Any CPU.ActiveCfg = Release|Any CPU
		{0BFCAE39-34AE-4FD6-B2B6-39DC5F84043D}.Release|Any CPU.Build.0 = Release|Any CPU
		{0BFCAE39-34AE-4FD6-B2B6-39DC5F84043D}.Release|x64.ActiveCfg = Release|Any CPU
		{0BFCAE39-34AE-4FD6-B2B6-39DC5F84043D}.Release|x64.Build.0 = Release|Any CPU
		{0BFCAE39-34AE-4FD6-B2B6-39DC5F84043D}.Release|x86.ActiveCfg = Release|Any CPU
		{0BFCAE39-34AE-4FD6-B2B6-39DC5F84043D}.Release|x86.Build.0 = Release|Any CPU
		{A721D8ED-5386-4AE6-B4B5-3BDD608551CB}.Debug|Any CPU.ActiveCfg = Debug|Any CPU
		{A721D8ED-5386-4AE6-B4B5-3BDD608551CB}.Debug|Any CPU.Build.0 = Debug|Any CPU
		{A721D8ED-5386-4AE6-B4B5-3BDD608551CB}.Debug|x64.ActiveCfg = Debug|Any CPU
		{A721D8ED-5386-4AE6-B4B5-3BDD608551CB}.Debug|x64.Build.0 = Debug|Any CPU
		{A721D8ED-5386-4AE6-B4B5-3BDD608551CB}.Debug|x86.ActiveCfg = Debug|Any CPU
		{A721D8ED-5386-4AE6-B4B5-3BDD608551CB}.Debug|x86.Build.0 = Debug|Any CPU
		{A721D8ED-5386-4AE6-B4B5-3BDD608551CB}.Release|Any CPU.ActiveCfg = Release|Any CPU
		{A721D8ED-5386-4AE6-B4B5-3BDD608551CB}.Release|Any CPU.Build.0 = Release|Any CPU
		{A721D8ED-5386-4AE6-B4B5-3BDD608551CB}.Release|x64.ActiveCfg = Release|Any CPU
		{A721D8ED-5386-4AE6-B4B5-3BDD608551CB}.Release|x64.Build.0 = Release|Any CPU
		{A721D8ED-5386-4AE6-B4B5-3BDD608551CB}.Release|x86.ActiveCfg = Release|Any CPU
		{A721D8ED-5386-4AE6-B4B5-3BDD608551CB}.Release|x86.Build.0 = Release|Any CPU
	EndGlobalSection
	GlobalSection(SolutionProperties) = preSolution
		HideSolutionNode = FALSE
	EndGlobalSection
EndGlobal
